PODS:
  - Alamofire (5.2.1)
  - Mockit (1.5.0)

DEPENDENCIES:
  - Alamofire (~> 5.2)
  - Mockit (= 1.5.0)

SPEC REPOS:
  trunk:
    - Alamofire
    - Mockit

SPEC CHECKSUMS:
  Alamofire: e911732990610fe89af59ac0077f923d72dc3dfd
  Mockit: 09492d654a2945096603d76ea77b131bdcfb2233

PODFILE CHECKSUM: 1769ac919ad3af39f2fec8272c3bfa0d2409e911

COCOAPODS: 1.8.4
